
Microsoft Visual Studio Solution File, Format Version 12.00
# Visual Studio Version 18
VisualStudioVersion = 18.8.12023.21
MinimumVisualStudioVersion = 10.0.40219.1
Project("{FAE04EC0-301F-11D3-BF4B-00C04F79EFBC}") = "AppSuite.Api", "AppSuite.Api\AppSuite.Api.csproj", "{DCEFC6B0-5E81-484C-8BF7-2AA325040DEF}"
EndProject
Project("{FAE04EC0-301F-11D3-BF4B-00C04F79EFBC}") = "AppSuite.Data", "AppSuite.Data\AppSuite.Data.csproj", "{6F0E7A88-2789-4CD0-93F2-9B6045B7CEE1}"
EndProject
Project("{FAE04EC0-301F-11D3-BF4B-00C04F79EFBC}") = "AppSuite.Core", "AppSuite.Core\AppSuite.Core.csproj", "{A47444A8-7670-4E5D-84FF-BED423A8BEF6}"
EndProject
Global
	GlobalSection(SolutionConfigurationPlatforms) = preSolution
		Debug|Any CPU = Debug|Any CPU
		Debug|x64 = Debug|x64
		Debug|x86 = Debug|x86
		Release|Any CPU = Release|Any CPU
		Release|x64 = Release|x64
		Release|x86 = Release|x86
	EndGlobalSection
	GlobalSection(ProjectConfigurationPlatforms) = postSolution
		{DCEFC6B0-5E81-484C-8BF7-2AA325040DEF}.Debug|Any CPU.ActiveCfg = Debug|Any CPU
		{DCEFC6B0-5E81-484C-8BF7-2AA325040DEF}.Debug|Any CPU.Build.0 = Debug|Any CPU
		{DCEFC6B0-5E81-484C-8BF7-2AA325040DEF}.Debug|x64.ActiveCfg = Debug|Any CPU
		{DCEFC6B0-5E81-484C-8BF7-2AA325040DEF}.Debug|x64.Build.0 = Debug|Any CPU
		{DCEFC6B0-5E81-484C-8BF7-2AA325040DEF}.Debug|x86.ActiveCfg = Debug|Any CPU
		{DCEFC6B0-5E81-484C-8BF7-2AA325040DEF}.Debug|x86.Build.0 = Debug|Any CPU
		{DCEFC6B0-5E81-484C-8BF7-2AA325040DEF}.Release|Any CPU.ActiveCfg = Release|Any CPU
		{DCEFC6B0-5E81-484C-8BF7-2AA325040DEF}.Release|Any CPU.Build.0 = Release|Any CPU
		{DCEFC6B0-5E81-484C-8BF7-2AA325040DEF}.Release|x64.ActiveCfg = Release|Any CPU
		{DCEFC6B0-5E81-484C-8BF7-2AA325040DEF}.Release|x64.Build.0 = Release|Any CPU
		{DCEFC6B0-5E81-484C-8BF7-2AA325040DEF}.Release|x86.ActiveCfg = Release|Any CPU
		{DCEFC6B0-5E81-484C-8BF7-2AA325040DEF}.Release|x86.Build.0 = Release|Any CPU
		{6F0E7A88-2789-4CD0-93F2-9B6045B7CEE1}.Debug|Any CPU.ActiveCfg = Debug|Any CPU
		{6F0E7A88-2789-4CD0-93F2-9B6045B7CEE1}.Debug|Any CPU.Build.0 = Debug|Any CPU
		{6F0E7A88-2789-4CD0-93F2-9B6045B7CEE1}.Debug|x64.ActiveCfg = Debug|Any CPU
		{6F0E7A88-2789-4CD0-93F2-9B6045B7CEE1}.Debug|x64.Build.0 = Debug|Any CPU
		{6F0E7A88-2789-4CD0-93F2-9B6045B7CEE1}.Debug|x86.ActiveCfg = Debug|Any CPU
		{6F0E7A88-2789-4CD0-93F2-9B6045B7CEE1}.Debug|x86.Build.0 = Debug|Any CPU
		{6F0E7A88-2789-4CD0-93F2-9B6045B7CEE1}.Release|Any CPU.ActiveCfg = Release|Any CPU
		{6F0E7A88-2789-4CD0-93F2-9B6045B7CEE1}.Release|Any CPU.Build.0 = Release|Any CPU
		{6F0E7A88-2789-4CD0-93F2-9B6045B7CEE1}.Release|x64.ActiveCfg = Release|Any CPU
		{6F0E7A88-2789-4CD0-93F2-9B6045B7CEE1}.Release|x64.Build.0 = Release|Any CPU
		{6F0E7A88-2789-4CD0-93F2-9B6045B7CEE1}.Release|x86.ActiveCfg = Release|Any CPU
		{6F0E7A88-2789-4CD0-93F2-9B6045B7CEE1}.Release|x86.Build.0 = Release|Any CPU
		{A47444A8-7670-4E5D-84FF-BED423A8BEF6}.Debug|Any CPU.ActiveCfg = Debug|Any CPU
		{A47444A8-7670-4E5D-84FF-BED423A8BEF6}.Debug|Any CPU.Build.0 = Debug|Any CPU
		{A47444A8-7670-4E5D-84FF-BED423A8BEF6}.Debug|x64.ActiveCfg = Debug|Any CPU
		{A47444A8-7670-4E5D-84FF-BED423A8BEF6}.Debug|x64.Build.0 = Debug|Any CPU
		{A47444A8-7670-4E5D-84FF-BED423A8BEF6}.Debug|x86.ActiveCfg = Debug|Any CPU
		{A47444A8-7670-4E5D-84FF-BED423A8BEF6}.Debug|x86.Build.0 = Debug|Any CPU
		{A47444A8-7670-4E5D-84FF-BED423A8BEF6}.Release|Any CPU.ActiveCfg = Release|Any CPU
		{A47444A8-7670-4E5D-84FF-BED423A8BEF6}.Release|Any CPU.Build.0 = Release|Any CPU
		{A47444A8-7670-4E5D-84FF-BED423A8BEF6}.Release|x64.ActiveCfg = Release|Any CPU
		{A47444A8-7670-4E5D-84FF-BED423A8BEF6}.Release|x64.Build.0 = Release|Any CPU
		{A47444A8-7670-4E5D-84FF-BED423A8BEF6}.Release|x86.ActiveCfg = Release|Any CPU
		{A47444A8-7670-4E5D-84FF-BED423A8BEF6}.Release|x86.Build.0 = Release|Any CPU
	EndGlobalSection
	GlobalSection(SolutionProperties) = preSolution
		HideSolutionNode = FALSE
	EndGlobalSection
	GlobalSection(ExtensibilityGlobals) = postSolution
		SolutionGuid = {BDBDEA65-114E-43E2-8A66-53BB31F8E6FE}
	EndGlobalSection
EndGlobal
